
Microsoft Visual Studio Solution File, Format Version 12.00
# Visual Studio Version 17
VisualStudioVersion = 17.4.33205.214
MinimumVisualStudioVersion = 10.0.40219.1
Project("{9A19103F-16F7-4668-BE54-9A1E7A4F7556}") = "c-sharp-api-starter", "c-sharp-api-starter\c-sharp-api-starter.csproj", "{B6504503-2442-4860-BDB5-68C94777EBCC}"
EndProject
Project("{FAE04EC0-301F-11D3-BF4B-00C04F79EFBC}") = "services", "services\services.csproj", "{5186E356-C85A-43F8-AF69-CA883D93B2F3}"
EndProject
Project("{FAE04EC0-301F-11D3-BF4B-00C04F79EFBC}") = "repository", "repository\repository.csproj", "{8A53C900-0F04-4AAD-ABB5-D4A478A37E73}"
EndProject
Project("{FAE04EC0-301F-11D3-BF4B-00C04F79EFBC}") = "models", "models\models.csproj", "{A4650E58-5806-45ED-91D0-D6BE2FE9CAE2}"
EndProject
Global
	GlobalSection(SolutionConfigurationPlatforms) = preSolution
		Debug|Any CPU = Debug|Any CPU
		Release|Any CPU = Release|Any CPU
	EndGlobalSection
	GlobalSection(ProjectConfigurationPlatforms) = postSolution
		{B6504503-2442-4860-BDB5-68C94777EBCC}.Debug|Any CPU.ActiveCfg = Debug|Any CPU
		{B6504503-2442-4860-BDB5-68C94777EBCC}.Debug|Any CPU.Build.0 = Debug|Any CPU
		{B6504503-2442-4860-BDB5-68C94777EBCC}.Release|Any CPU.ActiveCfg = Release|Any CPU
		{B6504503-2442-4860-BDB5-68C94777EBCC}.Release|Any CPU.Build.0 = Release|Any CPU
		{5186E356-C85A-43F8-AF69-CA883D93B2F3}.Debug|Any CPU.ActiveCfg = Debug|Any CPU
		{5186E356-C85A-43F8-AF69-CA883D93B2F3}.Debug|Any CPU.Build.0 = Debug|Any CPU
		{5186E356-C85A-43F8-AF69-CA883D93B2F3}.Release|Any CPU.ActiveCfg = Release|Any CPU
		{5186E356-C85A-43F8-AF69-CA883D93B2F3}.Release|Any CPU.Build.0 = Release|Any CPU
		{8A53C900-0F04-4AAD-ABB5-D4A478A37E73}.Debug|Any CPU.ActiveCfg = Debug|Any CPU
		{8A53C900-0F04-4AAD-ABB5-D4A478A37E73}.Debug|Any CPU.Build.0 = Debug|Any CPU
		{8A53C900-0F04-4AAD-ABB5-D4A478A37E73}.Release|Any CPU.ActiveCfg = Release|Any CPU
		{8A53C900-0F04-4AAD-ABB5-D4A478A37E73}.Release|Any CPU.Build.0 = Release|Any CPU
		{A4650E58-5806-45ED-91D0-D6BE2FE9CAE2}.Debug|Any CPU.ActiveCfg = Debug|Any CPU
		{A4650E58-5806-45ED-91D0-D6BE2FE9CAE2}.Debug|Any CPU.Build.0 = Debug|Any CPU
		{A4650E58-5806-45ED-91D0-D6BE2FE9CAE2}.Release|Any CPU.ActiveCfg = Release|Any CPU
		{A4650E58-5806-45ED-91D0-D6BE2FE9CAE2}.Release|Any CPU.Build.0 = Release|Any CPU
	EndGlobalSection
	GlobalSection(SolutionProperties) = preSolution
		HideSolutionNode = FALSE
	EndGlobalSection
	GlobalSection(ExtensibilityGlobals) = postSolution
		SolutionGuid = {9784F9F9-3121-4823-A9D3-E085FC9473A0}
	EndGlobalSection
EndGlobal
